
Microsoft Visual Studio Solution File, Format Version 12.00
# Visual Studio Version 17
VisualStudioVersion = 17.8.34322.80
MinimumVisualStudioVersion = 10.0.40219.1
Project("{FAE04EC0-301F-11D3-BF4B-00C04F79EFBC}") = "MyFirstPlugin", "MyFirstPlugin.csproj", "{B44E6A83-CE20-45AF-AEE6-B30D166AD228}"
EndProject
Global
	GlobalSection(SolutionConfigurationPlatforms) = preSolution
		Debug|Any CPU = Debug|Any CPU
		Release|Any CPU = Release|Any CPU
	EndGlobalSection
	GlobalSection(ProjectConfigurationPlatforms) = postSolution
		{B44E6A83-CE20-45AF-AEE6-B30D166AD228}.Debug|Any CPU.ActiveCfg = Debug|Any CPU
		{B44E6A83-CE20-45AF-AEE6-B30D166AD228}.Debug|Any CPU.Build.0 = Debug|Any CPU
		{B44E6A83-CE20-45AF-AEE6-B30D166AD228}.Release|Any CPU.ActiveCfg = Release|Any CPU
		{B44E6A83-CE20-45AF-AEE6-B30D166AD228}.Release|Any CPU.Build.0 = Release|Any CPU
	EndGlobalSection
	GlobalSection(SolutionProperties) = preSolution
		HideSolutionNode = FALSE
	EndGlobalSection
	GlobalSection(ExtensibilityGlobals) = postSolution
		SolutionGuid = {06B26AFF-741C-47A4-8670-C1A54D52F769}
	EndGlobalSection
EndGlobal
